
Microsoft Visual Studio Solution File, Format Version 12.00
# Visual Studio 2013
VisualStudioVersion = 12.0.31101.0
MinimumVisualStudioVersion = 10.0.40219.1
Project("{FAE04EC0-301F-11D3-BF4B-00C04F79EFBC}") = "H2O1", "H2O1.csproj", "{0E863812-9993-4BBE-8A90-18470AD3CE24}"
EndProject
Project("{FAE04EC0-301F-11D3-BF4B-00C04F79EFBC}") = "H2O2", "..\H2O2\H2O2.csproj", "{7AB6A1D1-72B6-46C9-B8A6-45154A9B3CF1}"
EndProject
Project("{FAE04EC0-301F-11D3-BF4B-00C04F79EFBC}") = "H2O3", "H2O3\H2O3.csproj", "{8C18EABD-49F1-48FA-BB02-9C9DC7253A56}"
EndProject
Project("{FAE04EC0-301F-11D3-BF4B-00C04F79EFBC}") = "H2O4", "H2O4\H2O4.csproj", "{450A4F8F-01C6-49C3-86B4-FE8658818092}"
EndProject
Project("{FAE04EC0-301F-11D3-BF4B-00C04F79EFBC}") = "H2O5", "H2O5\H2O5.csproj", "{35E2CADC-5C22-49EF-B2B1-4BA2D959EEDD}"
EndProject
Project("{FAE04EC0-301F-11D3-BF4B-00C04F79EFBC}") = "H2O6", "H2O6\H2O6.csproj", "{B5F50CBD-7E2A-4EA4-B48C-9992F6EF1082}"
EndProject
Global
	GlobalSection(SolutionConfigurationPlatforms) = preSolution
		Debug|Any CPU = Debug|Any CPU
		Release|Any CPU = Release|Any CPU
	EndGlobalSection
	GlobalSection(ProjectConfigurationPlatforms) = postSolution
		{0E863812-9993-4BBE-8A90-18470AD3CE24}.Debug|Any CPU.ActiveCfg = Debug|Any CPU
		{0E863812-9993-4BBE-8A90-18470AD3CE24}.Debug|Any CPU.Build.0 = Debug|Any CPU
		{0E863812-9993-4BBE-8A90-18470AD3CE24}.Release|Any CPU.ActiveCfg = Release|Any CPU
		{0E863812-9993-4BBE-8A90-18470AD3CE24}.Release|Any CPU.Build.0 = Release|Any CPU
		{7AB6A1D1-72B6-46C9-B8A6-45154A9B3CF1}.Debug|Any CPU.ActiveCfg = Debug|Any CPU
		{7AB6A1D1-72B6-46C9-B8A6-45154A9B3CF1}.Debug|Any CPU.Build.0 = Debug|Any CPU
		{7AB6A1D1-72B6-46C9-B8A6-45154A9B3CF1}.Release|Any CPU.ActiveCfg = Release|Any CPU
		{7AB6A1D1-72B6-46C9-B8A6-45154A9B3CF1}.Release|Any CPU.Build.0 = Release|Any CPU
		{8C18EABD-49F1-48FA-BB02-9C9DC7253A56}.Debug|Any CPU.ActiveCfg = Debug|Any CPU
		{8C18EABD-49F1-48FA-BB02-9C9DC7253A56}.Debug|Any CPU.Build.0 = Debug|Any CPU
		{8C18EABD-49F1-48FA-BB02-9C9DC7253A56}.Release|Any CPU.ActiveCfg = Release|Any CPU
		{8C18EABD-49F1-48FA-BB02-9C9DC7253A56}.Release|Any CPU.Build.0 = Release|Any CPU
		{450A4F8F-01C6-49C3-86B4-FE8658818092}.Debug|Any CPU.ActiveCfg = Debug|Any CPU
		{450A4F8F-01C6-49C3-86B4-FE8658818092}.Debug|Any CPU.Build.0 = Debug|Any CPU
		{450A4F8F-01C6-49C3-86B4-FE8658818092}.Release|Any CPU.ActiveCfg = Release|Any CPU
		{450A4F8F-01C6-49C3-86B4-FE8658818092}.Release|Any CPU.Build.0 = Release|Any CPU
		{35E2CADC-5C22-49EF-B2B1-4BA2D959EEDD}.Debug|Any CPU.ActiveCfg = Debug|Any CPU
		{35E2CADC-5C22-49EF-B2B1-4BA2D959EEDD}.Debug|Any CPU.Build.0 = Debug|Any CPU
		{35E2CADC-5C22-49EF-B2B1-4BA2D959EEDD}.Release|Any CPU.ActiveCfg = Release|Any CPU
		{35E2CADC-5C22-49EF-B2B1-4BA2D959EEDD}.Release|Any CPU.Build.0 = Release|Any CPU
		{B5F50CBD-7E2A-4EA4-B48C-9992F6EF1082}.Debug|Any CPU.ActiveCfg = Debug|Any CPU
		{B5F50CBD-7E2A-4EA4-B48C-9992F6EF1082}.Debug|Any CPU.Build.0 = Debug|Any CPU
		{B5F50CBD-7E2A-4EA4-B48C-9992F6EF1082}.Release|Any CPU.ActiveCfg = Release|Any CPU
		{B5F50CBD-7E2A-4EA4-B48C-9992F6EF1082}.Release|Any CPU.Build.0 = Release|Any CPU
	EndGlobalSection
	GlobalSection(SolutionProperties) = preSolution
		HideSolutionNode = FALSE
	EndGlobalSection
EndGlobal
