
Microsoft Visual Studio Solution File, Format Version 12.00
# Visual Studio 2013
VisualStudioVersion = 12.0.31101.0
MinimumVisualStudioVersion = 10.0.40219.1
Project("{FAE04EC0-301F-11D3-BF4B-00C04F79EFBC}") = "Hoofdstuk4", "Hoofdstuk4.csproj", "{1D7C3F3F-5B8C-4272-AB4A-C3378B3F302D}"
EndProject
Project("{FAE04EC0-301F-11D3-BF4B-00C04F79EFBC}") = "H4Oef2", "..\H4Oef2\H4Oef2.csproj", "{C4B40312-AA99-4158-B120-1366C24CEE61}"
EndProject
Project("{FAE04EC0-301F-11D3-BF4B-00C04F79EFBC}") = "H4Oef9", "H4Oef9\H4Oef9.csproj", "{975C1E4D-31A8-4242-95E5-E6D087643EEA}"
EndProject
Project("{FAE04EC0-301F-11D3-BF4B-00C04F79EFBC}") = "H4Oef11", "H4Oef11\H4Oef11.csproj", "{E1D14E2B-132B-4F9B-8948-D83DDF167FFE}"
EndProject
Global
	GlobalSection(SolutionConfigurationPlatforms) = preSolution
		Debug|Any CPU = Debug|Any CPU
		Release|Any CPU = Release|Any CPU
	EndGlobalSection
	GlobalSection(ProjectConfigurationPlatforms) = postSolution
		{1D7C3F3F-5B8C-4272-AB4A-C3378B3F302D}.Debug|Any CPU.ActiveCfg = Debug|Any CPU
		{1D7C3F3F-5B8C-4272-AB4A-C3378B3F302D}.Debug|Any CPU.Build.0 = Debug|Any CPU
		{1D7C3F3F-5B8C-4272-AB4A-C3378B3F302D}.Release|Any CPU.ActiveCfg = Release|Any CPU
		{1D7C3F3F-5B8C-4272-AB4A-C3378B3F302D}.Release|Any CPU.Build.0 = Release|Any CPU
		{C4B40312-AA99-4158-B120-1366C24CEE61}.Debug|Any CPU.ActiveCfg = Debug|Any CPU
		{C4B40312-AA99-4158-B120-1366C24CEE61}.Debug|Any CPU.Build.0 = Debug|Any CPU
		{C4B40312-AA99-4158-B120-1366C24CEE61}.Release|Any CPU.ActiveCfg = Release|Any CPU
		{C4B40312-AA99-4158-B120-1366C24CEE61}.Release|Any CPU.Build.0 = Release|Any CPU
		{975C1E4D-31A8-4242-95E5-E6D087643EEA}.Debug|Any CPU.ActiveCfg = Debug|Any CPU
		{975C1E4D-31A8-4242-95E5-E6D087643EEA}.Debug|Any CPU.Build.0 = Debug|Any CPU
		{975C1E4D-31A8-4242-95E5-E6D087643EEA}.Release|Any CPU.ActiveCfg = Release|Any CPU
		{975C1E4D-31A8-4242-95E5-E6D087643EEA}.Release|Any CPU.Build.0 = Release|Any CPU
		{E1D14E2B-132B-4F9B-8948-D83DDF167FFE}.Debug|Any CPU.ActiveCfg = Debug|Any CPU
		{E1D14E2B-132B-4F9B-8948-D83DDF167FFE}.Debug|Any CPU.Build.0 = Debug|Any CPU
		{E1D14E2B-132B-4F9B-8948-D83DDF167FFE}.Release|Any CPU.ActiveCfg = Release|Any CPU
		{E1D14E2B-132B-4F9B-8948-D83DDF167FFE}.Release|Any CPU.Build.0 = Release|Any CPU
	EndGlobalSection
	GlobalSection(SolutionProperties) = preSolution
		HideSolutionNode = FALSE
	EndGlobalSection
EndGlobal
